// !$*UTF8*$!
{
	archiveVersion = 1;
	classes = {
	};
	objectVersion = 50;
	objects = {

/* Begin PBXBuildFile section */
		598279302E7128BEECCDF90E /* Pods_FlixnChillTests.framework in Frameworks */ = {isa = PBXBuildFile; fileRef = 56845CC004073AC3D1D1FEE6 /* Pods_FlixnChillTests.framework */; };
		673CB1F42465953E0042D21F /* MovieCell.swift in Sources */ = {isa = PBXBuildFile; fileRef = 673CB1F32465953E0042D21F /* MovieCell.swift */; };
		955B0986246445C000615705 /* AppDelegate.swift in Sources */ = {isa = PBXBuildFile; fileRef = 955B0985246445C000615705 /* AppDelegate.swift */; };
		955B0988246445C000615705 /* SceneDelegate.swift in Sources */ = {isa = PBXBuildFile; fileRef = 955B0987246445C000615705 /* SceneDelegate.swift */; };
		955B098A246445C000615705 /* ViewController.swift in Sources */ = {isa = PBXBuildFile; fileRef = 955B0989246445C000615705 /* ViewController.swift */; };
		955B098D246445C000615705 /* Main.storyboard in Resources */ = {isa = PBXBuildFile; fileRef = 955B098B246445C000615705 /* Main.storyboard */; };
		955B098F246445C700615705 /* Assets.xcassets in Resources */ = {isa = PBXBuildFile; fileRef = 955B098E246445C700615705 /* Assets.xcassets */; };
		955B0992246445C700615705 /* LaunchScreen.storyboard in Resources */ = {isa = PBXBuildFile; fileRef = 955B0990246445C700615705 /* LaunchScreen.storyboard */; };
		955B099D246445C800615705 /* FlixnChillTests.swift in Sources */ = {isa = PBXBuildFile; fileRef = 955B099C246445C800615705 /* FlixnChillTests.swift */; };
		955B09A8246445C800615705 /* FlixnChillUITests.swift in Sources */ = {isa = PBXBuildFile; fileRef = 955B09A7246445C800615705 /* FlixnChillUITests.swift */; };
		955B09B624644BBA00615705 /* MoviesViewController.swift in Sources */ = {isa = PBXBuildFile; fileRef = 955B09B524644BBA00615705 /* MoviesViewController.swift */; };
		9E58E4E06313AA88E93388C7 /* Pods_FlixnChill_FlixnChillUITests.framework in Frameworks */ = {isa = PBXBuildFile; fileRef = 02AF8AB97A6ED116BE2B8484 /* Pods_FlixnChill_FlixnChillUITests.framework */; };
		F94A42C4558788D078CD92A3 /* Pods_FlixnChill.framework in Frameworks */ = {isa = PBXBuildFile; fileRef = E5D4DDBFE2E7EF6B6CEAED66 /* Pods_FlixnChill.framework */; };
/* End PBXBuildFile section */

/* Begin PBXContainerItemProxy section */
		955B0999246445C800615705 /* PBXContainerItemProxy */ = {
			isa = PBXContainerItemProxy;
			containerPortal = 955B097A246445C000615705 /* Project object */;
			proxyType = 1;
			remoteGlobalIDString = 955B0981246445C000615705;
			remoteInfo = FlixnChill;
		};
		955B09A4246445C800615705 /* PBXContainerItemProxy */ = {
			isa = PBXContainerItemProxy;
			containerPortal = 955B097A246445C000615705 /* Project object */;
			proxyType = 1;
			remoteGlobalIDString = 955B0981246445C000615705;
			remoteInfo = FlixnChill;
		};
/* End PBXContainerItemProxy section */

/* Begin PBXFileReference section */
		02AF8AB97A6ED116BE2B8484 /* Pods_FlixnChill_FlixnChillUITests.framework */ = {isa = PBXFileReference; explicitFileType = wrapper.framework; includeInIndex = 0; path = Pods_FlixnChill_FlixnChillUITests.framework; sourceTree = BUILT_PRODUCTS_DIR; };
		408CB575825AFBA39DD63B73 /* Pods-FlixnChillTests.debug.xcconfig */ = {isa = PBXFileReference; includeInIndex = 1; lastKnownFileType = text.xcconfig; name = "Pods-FlixnChillTests.debug.xcconfig"; path = "Target Support Files/Pods-FlixnChillTests/Pods-FlixnChillTests.debug.xcconfig"; sourceTree = "<group>"; };
		56845CC004073AC3D1D1FEE6 /* Pods_FlixnChillTests.framework */ = {isa = PBXFileReference; explicitFileType = wrapper.framework; includeInIndex = 0; path = Pods_FlixnChillTests.framework; sourceTree = BUILT_PRODUCTS_DIR; };
		673CB1F32465953E0042D21F /* MovieCell.swift */ = {isa = PBXFileReference; lastKnownFileType = sourcecode.swift; path = MovieCell.swift; sourceTree = "<group>"; };
		73C60B38E9781DE255617AC4 /* Pods-FlixnChill-FlixnChillUITests.debug.xcconfig */ = {isa = PBXFileReference; includeInIndex = 1; lastKnownFileType = text.xcconfig; name = "Pods-FlixnChill-FlixnChillUITests.debug.xcconfig"; path = "Target Support Files/Pods-FlixnChill-FlixnChillUITests/Pods-FlixnChill-FlixnChillUITests.debug.xcconfig"; sourceTree = "<group>"; };
		81EF3F8A4F004E2D1EDEB12F /* Pods-FlixnChillTests.release.xcconfig */ = {isa = PBXFileReference; includeInIndex = 1; lastKnownFileType = text.xcconfig; name = "Pods-FlixnChillTests.release.xcconfig"; path = "Target Support Files/Pods-FlixnChillTests/Pods-FlixnChillTests.release.xcconfig"; sourceTree = "<group>"; };
		91BFF2791681EFC1F9FC3048 /* Pods-FlixnChill.debug.xcconfig */ = {isa = PBXFileReference; includeInIndex = 1; lastKnownFileType = text.xcconfig; name = "Pods-FlixnChill.debug.xcconfig"; path = "Target Support Files/Pods-FlixnChill/Pods-FlixnChill.debug.xcconfig"; sourceTree = "<group>"; };
		955B0982246445C000615705 /* FlixnChill.app */ = {isa = PBXFileReference; explicitFileType = wrapper.application; includeInIndex = 0; path = FlixnChill.app; sourceTree = BUILT_PRODUCTS_DIR; };
		955B0985246445C000615705 /* AppDelegate.swift */ = {isa = PBXFileReference; lastKnownFileType = sourcecode.swift; path = AppDelegate.swift; sourceTree = "<group>"; };
		955B0987246445C000615705 /* SceneDelegate.swift */ = {isa = PBXFileReference; lastKnownFileType = sourcecode.swift; path = SceneDelegate.swift; sourceTree = "<group>"; };
		955B0989246445C000615705 /* ViewController.swift */ = {isa = PBXFileReference; lastKnownFileType = sourcecode.swift; path = ViewController.swift; sourceTree = "<group>"; };
		955B098C246445C000615705 /* Base */ = {isa = PBXFileReference; lastKnownFileType = file.storyboard; name = Base; path = Base.lproj/Main.storyboard; sourceTree = "<group>"; };
		955B098E246445C700615705 /* Assets.xcassets */ = {isa = PBXFileReference; lastKnownFileType = folder.assetcatalog; path = Assets.xcassets; sourceTree = "<group>"; };
		955B0991246445C700615705 /* Base */ = {isa = PBXFileReference; lastKnownFileType = file.storyboard; name = Base; path = Base.lproj/LaunchScreen.storyboard; sourceTree = "<group>"; };
		955B0993246445C700615705 /* Info.plist */ = {isa = PBXFileReference; lastKnownFileType = text.plist.xml; path = Info.plist; sourceTree = "<group>"; };
		955B0998246445C800615705 /* FlixnChillTests.xctest */ = {isa = PBXFileReference; explicitFileType = wrapper.cfbundle; includeInIndex = 0; path = FlixnChillTests.xctest; sourceTree = BUILT_PRODUCTS_DIR; };
		955B099C246445C800615705 /* FlixnChillTests.swift */ = {isa = PBXFileReference; lastKnownFileType = sourcecode.swift; path = FlixnChillTests.swift; sourceTree = "<group>"; };
		955B099E246445C800615705 /* Info.plist */ = {isa = PBXFileReference; lastKnownFileType = text.plist.xml; path = Info.plist; sourceTree = "<group>"; };
		955B09A3246445C800615705 /* FlixnChillUITests.xctest */ = {isa = PBXFileReference; explicitFileType = wrapper.cfbundle; includeInIndex = 0; path = FlixnChillUITests.xctest; sourceTree = BUILT_PRODUCTS_DIR; };
		955B09A7246445C800615705 /* FlixnChillUITests.swift */ = {isa = PBXFileReference; lastKnownFileType = sourcecode.swift; path = FlixnChillUITests.swift; sourceTree = "<group>"; };
		955B09A9246445C800615705 /* Info.plist */ = {isa = PBXFileReference; lastKnownFileType = text.plist.xml; path = Info.plist; sourceTree = "<group>"; };
		955B09B524644BBA00615705 /* MoviesViewController.swift */ = {isa = PBXFileReference; lastKnownFileType = sourcecode.swift; path = MoviesViewController.swift; sourceTree = "<group>"; };
		C23D2882EF47BBDDF1193EFD /* Pods-FlixnChill.release.xcconfig */ = {isa = PBXFileReference; includeInIndex = 1; lastKnownFileType = text.xcconfig; name = "Pods-FlixnChill.release.xcconfig"; path = "Target Support Files/Pods-FlixnChill/Pods-FlixnChill.release.xcconfig"; sourceTree = "<group>"; };
		E5D4DDBFE2E7EF6B6CEAED66 /* Pods_FlixnChill.framework */ = {isa = PBXFileReference; explicitFileType = wrapper.framework; includeInIndex = 0; path = Pods_FlixnChill.framework; sourceTree = BUILT_PRODUCTS_DIR; };
		E61AA5016CBF4FDC7E4E8131 /* Pods-FlixnChill-FlixnChillUITests.release.xcconfig */ = {isa = PBXFileReference; includeInIndex = 1; lastKnownFileType = text.xcconfig; name = "Pods-FlixnChill-FlixnChillUITests.release.xcconfig"; path = "Target Support Files/Pods-FlixnChill-FlixnChillUITests/Pods-FlixnChill-FlixnChillUITests.release.xcconfig"; sourceTree = "<group>"; };
/* End PBXFileReference section */

/* Begin PBXFrameworksBuildPhase section */
		955B097F246445C000615705 /* Frameworks */ = {
			isa = PBXFrameworksBuildPhase;
			buildActionMask = 2147483647;
			files = (
				F94A42C4558788D078CD92A3 /* Pods_FlixnChill.framework in Frameworks */,
			);
			runOnlyForDeploymentPostprocessing = 0;
		};
		955B0995246445C800615705 /* Frameworks */ = {
			isa = PBXFrameworksBuildPhase;
			buildActionMask = 2147483647;
			files = (
				598279302E7128BEECCDF90E /* Pods_FlixnChillTests.framework in Frameworks */,
			);
			runOnlyForDeploymentPostprocessing = 0;
		};
		955B09A0246445C800615705 /* Frameworks */ = {
			isa = PBXFrameworksBuildPhase;
			buildActionMask = 2147483647;
			files = (
				9E58E4E06313AA88E93388C7 /* Pods_FlixnChill_FlixnChillUITests.framework in Frameworks */,
			);
			runOnlyForDeploymentPostprocessing = 0;
		};
/* End PBXFrameworksBuildPhase section */

/* Begin PBXGroup section */
		5851B3B368D85B4594C93E56 /* Pods */ = {
			isa = PBXGroup;
			children = (
				91BFF2791681EFC1F9FC3048 /* Pods-FlixnChill.debug.xcconfig */,
				C23D2882EF47BBDDF1193EFD /* Pods-FlixnChill.release.xcconfig */,
				73C60B38E9781DE255617AC4 /* Pods-FlixnChill-FlixnChillUITests.debug.xcconfig */,
				E61AA5016CBF4FDC7E4E8131 /* Pods-FlixnChill-FlixnChillUITests.release.xcconfig */,
				408CB575825AFBA39DD63B73 /* Pods-FlixnChillTests.debug.xcconfig */,
				81EF3F8A4F004E2D1EDEB12F /* Pods-FlixnChillTests.release.xcconfig */,
			);
			name = Pods;
			path = Pods;
			sourceTree = "<group>";
		};
		955B0979246445C000615705 = {
			isa = PBXGroup;
			children = (
				955B0984246445C000615705 /* FlixnChill */,
				955B099B246445C800615705 /* FlixnChillTests */,
				955B09A6246445C800615705 /* FlixnChillUITests */,
				955B0983246445C000615705 /* Products */,
				5851B3B368D85B4594C93E56 /* Pods */,
				C6E6BE51C11F2BB13B851ECB /* Frameworks */,
			);
			sourceTree = "<group>";
		};
		955B0983246445C000615705 /* Products */ = {
			isa = PBXGroup;
			children = (
				955B0982246445C000615705 /* FlixnChill.app */,
				955B0998246445C800615705 /* FlixnChillTests.xctest */,
				955B09A3246445C800615705 /* FlixnChillUITests.xctest */,
			);
			name = Products;
			sourceTree = "<group>";
		};
		955B0984246445C000615705 /* FlixnChill */ = {
			isa = PBXGroup;
			children = (
				955B0985246445C000615705 /* AppDelegate.swift */,
				955B0987246445C000615705 /* SceneDelegate.swift */,
				955B0989246445C000615705 /* ViewController.swift */,
				955B098B246445C000615705 /* Main.storyboard */,
				955B098E246445C700615705 /* Assets.xcassets */,
				955B0990246445C700615705 /* LaunchScreen.storyboard */,
				955B0993246445C700615705 /* Info.plist */,
				955B09B524644BBA00615705 /* MoviesViewController.swift */,
				673CB1F32465953E0042D21F /* MovieCell.swift */,
			);
			path = FlixnChill;
			sourceTree = "<group>";
		};
		955B099B246445C800615705 /* FlixnChillTests */ = {
			isa = PBXGroup;
			children = (
				955B099C246445C800615705 /* FlixnChillTests.swift */,
				955B099E246445C800615705 /* Info.plist */,
			);
			path = FlixnChillTests;
			sourceTree = "<group>";
		};
		955B09A6246445C800615705 /* FlixnChillUITests */ = {
			isa = PBXGroup;
			children = (
				955B09A7246445C800615705 /* FlixnChillUITests.swift */,
				955B09A9246445C800615705 /* Info.plist */,
			);
			path = FlixnChillUITests;
			sourceTree = "<group>";
		};
		C6E6BE51C11F2BB13B851ECB /* Frameworks */ = {
			isa = PBXGroup;
			children = (
				E5D4DDBFE2E7EF6B6CEAED66 /* Pods_FlixnChill.framework */,
				02AF8AB97A6ED116BE2B8484 /* Pods_FlixnChill_FlixnChillUITests.framework */,
				56845CC004073AC3D1D1FEE6 /* Pods_FlixnChillTests.framework */,
			);
			name = Frameworks;
			sourceTree = "<group>";
		};
/* End PBXGroup section */

/* Begin PBXNativeTarget section */
		955B0981246445C000615705 /* FlixnChill */ = {
			isa = PBXNativeTarget;
			buildConfigurationList = 955B09AC246445C800615705 /* Build configuration list for PBXNativeTarget "FlixnChill" */;
			buildPhases = (
				4388EB39EEDB54344DE522F3 /* [CP] Check Pods Manifest.lock */,
				955B097E246445C000615705 /* Sources */,
				955B097F246445C000615705 /* Frameworks */,
				955B0980246445C000615705 /* Resources */,
				61A6FAE3605B799EDD61209B /* [CP] Embed Pods Frameworks */,
			);
			buildRules = (
			);
			dependencies = (
			);
			name = FlixnChill;
			productName = FlixnChill;
			productReference = 955B0982246445C000615705 /* FlixnChill.app */;
			productType = "com.apple.product-type.application";
		};
		955B0997246445C800615705 /* FlixnChillTests */ = {
			isa = PBXNativeTarget;
			buildConfigurationList = 955B09AF246445C800615705 /* Build configuration list for PBXNativeTarget "FlixnChillTests" */;
			buildPhases = (
				A404856EAA86965868DBB4DD /* [CP] Check Pods Manifest.lock */,
				955B0994246445C800615705 /* Sources */,
				955B0995246445C800615705 /* Frameworks */,
				955B0996246445C800615705 /* Resources */,
			);
			buildRules = (
			);
			dependencies = (
				955B099A246445C800615705 /* PBXTargetDependency */,
			);
			name = FlixnChillTests;
			productName = FlixnChillTests;
			productReference = 955B0998246445C800615705 /* FlixnChillTests.xctest */;
			productType = "com.apple.product-type.bundle.unit-test";
		};
		955B09A2246445C800615705 /* FlixnChillUITests */ = {
			isa = PBXNativeTarget;
			buildConfigurationList = 955B09B2246445C800615705 /* Build configuration list for PBXNativeTarget "FlixnChillUITests" */;
			buildPhases = (
				628266DBD35B69B35D099F45 /* [CP] Check Pods Manifest.lock */,
				955B099F246445C800615705 /* Sources */,
				955B09A0246445C800615705 /* Frameworks */,
				955B09A1246445C800615705 /* Resources */,
				43953ADD54D038410E5F65B5 /* [CP] Embed Pods Frameworks */,
			);
			buildRules = (
			);
			dependencies = (
				955B09A5246445C800615705 /* PBXTargetDependency */,
			);
			name = FlixnChillUITests;
			productName = FlixnChillUITests;
			productReference = 955B09A3246445C800615705 /* FlixnChillUITests.xctest */;
			productType = "com.apple.product-type.bundle.ui-testing";
		};
/* End PBXNativeTarget section */

/* Begin PBXProject section */
		955B097A246445C000615705 /* Project object */ = {
			isa = PBXProject;
			attributes = {
				LastSwiftUpdateCheck = 1140;
				LastUpgradeCheck = 1140;
				ORGANIZATIONNAME = "Da'Shawn Larry";
				TargetAttributes = {
					955B0981246445C000615705 = {
						CreatedOnToolsVersion = 11.4.1;
					};
					955B0997246445C800615705 = {
						CreatedOnToolsVersion = 11.4.1;
						TestTargetID = 955B0981246445C000615705;
					};
					955B09A2246445C800615705 = {
						CreatedOnToolsVersion = 11.4.1;
						TestTargetID = 955B0981246445C000615705;
					};
				};
			};
			buildConfigurationList = 955B097D246445C000615705 /* Build configuration list for PBXProject "FlixnChill" */;
			compatibilityVersion = "Xcode 9.3";
			developmentRegion = en;
			hasScannedForEncodings = 0;
			knownRegions = (
				en,
				Base,
			);
			mainGroup = 955B0979246445C000615705;
			productRefGroup = 955B0983246445C000615705 /* Products */;
			projectDirPath = "";
			projectRoot = "";
			targets = (
				955B0981246445C000615705 /* FlixnChill */,
				955B0997246445C800615705 /* FlixnChillTests */,
				955B09A2246445C800615705 /* FlixnChillUITests */,
			);
		};
/* End PBXProject section */

/* Begin PBXResourcesBuildPhase section */
		955B0980246445C000615705 /* Resources */ = {
			isa = PBXResourcesBuildPhase;
			buildActionMask = 2147483647;
			files = (
				955B0992246445C700615705 /* LaunchScreen.storyboard in Resources */,
				955B098F246445C700615705 /* Assets.xcassets in Resources */,
				955B098D246445C000615705 /* Main.storyboard in Resources */,
			);
			runOnlyForDeploymentPostprocessing = 0;
		};
		955B0996246445C800615705 /* Resources */ = {
			isa = PBXResourcesBuildPhase;
			buildActionMask = 2147483647;
			files = (
			);
			runOnlyForDeploymentPostprocessing = 0;
		};
		955B09A1246445C800615705 /* Resources */ = {
			isa = PBXResourcesBuildPhase;
			buildActionMask = 2147483647;
			files = (
			);
			runOnlyForDeploymentPostprocessing = 0;
		};
/* End PBXResourcesBuildPhase section */

/* Begin PBXShellScriptBuildPhase section */
		4388EB39EEDB54344DE522F3 /* [CP] Check Pods Manifest.lock */ = {
			isa = PBXShellScriptBuildPhase;
			buildActionMask = 2147483647;
			files = (
			);
			inputFileListPaths = (
			);
			inputPaths = (
				"${PODS_PODFILE_DIR_PATH}/Podfile.lock",
				"${PODS_ROOT}/Manifest.lock",
			);
			name = "[CP] Check Pods Manifest.lock";
			outputFileListPaths = (
			);
			outputPaths = (
				"$(DERIVED_FILE_DIR)/Pods-FlixnChill-checkManifestLockResult.txt",
			);
			runOnlyForDeploymentPostprocessing = 0;
			shellPath = /bin/sh;
			shellScript = "diff \"${PODS_PODFILE_DIR_PATH}/Podfile.lock\" \"${PODS_ROOT}/Manifest.lock\" > /dev/null\nif [ $? != 0 ] ; then\n    # print error to STDERR\n    echo \"error: The sandbox is not in sync with the Podfile.lock. Run 'pod install' or update your CocoaPods installation.\" >&2\n    exit 1\nfi\n# This output is used by Xcode 'outputs' to avoid re-running this script phase.\necho \"SUCCESS\" > \"${SCRIPT_OUTPUT_FILE_0}\"\n";
			showEnvVarsInLog = 0;
		};
		43953ADD54D038410E5F65B5 /* [CP] Embed Pods Frameworks */ = {
			isa = PBXShellScriptBuildPhase;
			buildActionMask = 2147483647;
			files = (
			);
			inputFileListPaths = (
				"${PODS_ROOT}/Target Support Files/Pods-FlixnChill-FlixnChillUITests/Pods-FlixnChill-FlixnChillUITests-frameworks-${CONFIGURATION}-input-files.xcfilelist",
			);
			name = "[CP] Embed Pods Frameworks";
			outputFileListPaths = (
				"${PODS_ROOT}/Target Support Files/Pods-FlixnChill-FlixnChillUITests/Pods-FlixnChill-FlixnChillUITests-frameworks-${CONFIGURATION}-output-files.xcfilelist",
			);
			runOnlyForDeploymentPostprocessing = 0;
			shellPath = /bin/sh;
			shellScript = "\"${PODS_ROOT}/Target Support Files/Pods-FlixnChill-FlixnChillUITests/Pods-FlixnChill-FlixnChillUITests-frameworks.sh\"\n";
			showEnvVarsInLog = 0;
		};
		61A6FAE3605B799EDD61209B /* [CP] Embed Pods Frameworks */ = {
			isa = PBXShellScriptBuildPhase;
			buildActionMask = 2147483647;
			files = (
			);
			inputFileListPaths = (
				"${PODS_ROOT}/Target Support Files/Pods-FlixnChill/Pods-FlixnChill-frameworks-${CONFIGURATION}-input-files.xcfilelist",
			);
			name = "[CP] Embed Pods Frameworks";
			outputFileListPaths = (
				"${PODS_ROOT}/Target Support Files/Pods-FlixnChill/Pods-FlixnChill-frameworks-${CONFIGURATION}-output-files.xcfilelist",
			);
			runOnlyForDeploymentPostprocessing = 0;
			shellPath = /bin/sh;
			shellScript = "\"${PODS_ROOT}/Target Support Files/Pods-FlixnChill/Pods-FlixnChill-frameworks.sh\"\n";
			showEnvVarsInLog = 0;
		};
		628266DBD35B69B35D099F45 /* [CP] Check Pods Manifest.lock */ = {
			isa = PBXShellScriptBuildPhase;
			buildActionMask = 2147483647;
			files = (
			);
			inputFileListPaths = (
			);
			inputPaths = (
				"${PODS_PODFILE_DIR_PATH}/Podfile.lock",
				"${PODS_ROOT}/Manifest.lock",
			);
			name = "[CP] Check Pods Manifest.lock";
			outputFileListPaths = (
			);
			outputPaths = (
				"$(DERIVED_FILE_DIR)/Pods-FlixnChill-FlixnChillUITests-checkManifestLockResult.txt",
			);
			runOnlyForDeploymentPostprocessing = 0;
			shellPath = /bin/sh;
			shellScript = "diff \"${PODS_PODFILE_DIR_PATH}/Podfile.lock\" \"${PODS_ROOT}/Manifest.lock\" > /dev/null\nif [ $? != 0 ] ; then\n    # print error to STDERR\n    echo \"error: The sandbox is not in sync with the Podfile.lock. Run 'pod install' or update your CocoaPods installation.\" >&2\n    exit 1\nfi\n# This output is used by Xcode 'outputs' to avoid re-running this script phase.\necho \"SUCCESS\" > \"${SCRIPT_OUTPUT_FILE_0}\"\n";
			showEnvVarsInLog = 0;
		};
		A404856EAA86965868DBB4DD /* [CP] Check Pods Manifest.lock */ = {
			isa = PBXShellScriptBuildPhase;
			buildActionMask = 2147483647;
			files = (
			);
			inputFileListPaths = (
			);
			inputPaths = (
				"${PODS_PODFILE_DIR_PATH}/Podfile.lock",
				"${PODS_ROOT}/Manifest.lock",
			);
			name = "[CP] Check Pods Manifest.lock";
			outputFileListPaths = (
			);
			outputPaths = (
				"$(DERIVED_FILE_DIR)/Pods-FlixnChillTests-checkManifestLockResult.txt",
			);
			runOnlyForDeploymentPostprocessing = 0;
			shellPath = /bin/sh;
			shellScript = "diff \"${PODS_PODFILE_DIR_PATH}/Podfile.lock\" \"${PODS_ROOT}/Manifest.lock\" > /dev/null\nif [ $? != 0 ] ; then\n    # print error to STDERR\n    echo \"error: The sandbox is not in sync with the Podfile.lock. Run 'pod install' or update your CocoaPods installation.\" >&2\n    exit 1\nfi\n# This output is used by Xcode 'outputs' to avoid re-running this script phase.\necho \"SUCCESS\" > \"${SCRIPT_OUTPUT_FILE_0}\"\n";
			showEnvVarsInLog = 0;
		};
/* End PBXShellScriptBuildPhase section */

/* Begin PBXSourcesBuildPhase section */
		955B097E246445C000615705 /* Sources */ = {
			isa = PBXSourcesBuildPhase;
			buildActionMask = 2147483647;
			files = (
				955B098A246445C000615705 /* ViewController.swift in Sources */,
				955B0986246445C000615705 /* AppDelegate.swift in Sources */,
				955B0988246445C000615705 /* SceneDelegate.swift in Sources */,
				673CB1F42465953E0042D21F /* MovieCell.swift in Sources */,
				955B09B624644BBA00615705 /* MoviesViewController.swift in Sources */,
			);
			runOnlyForDeploymentPostprocessing = 0;
		};
		955B0994246445C800615705 /* Sources */ = {
			isa = PBXSourcesBuildPhase;
			buildActionMask = 2147483647;
			files = (
				955B099D246445C800615705 /* FlixnChillTests.swift in Sources */,
			);
			runOnlyForDeploymentPostprocessing = 0;
		};
		955B099F246445C800615705 /* Sources */ = {
			isa = PBXSourcesBuildPhase;
			buildActionMask = 2147483647;
			files = (
				955B09A8246445C800615705 /* FlixnChillUITests.swift in Sources */,
			);
			runOnlyForDeploymentPostprocessing = 0;
		};
/* End PBXSourcesBuildPhase section */

/* Begin PBXTargetDependency section */
		955B099A246445C800615705 /* PBXTargetDependency */ = {
			isa = PBXTargetDependency;
			target = 955B0981246445C000615705 /* FlixnChill */;
			targetProxy = 955B0999246445C800615705 /* PBXContainerItemProxy */;
		};
		955B09A5246445C800615705 /* PBXTargetDependency */ = {
			isa = PBXTargetDependency;
			target = 955B0981246445C000615705 /* FlixnChill */;
			targetProxy = 955B09A4246445C800615705 /* PBXContainerItemProxy */;
		};
/* End PBXTargetDependency section */

/* Begin PBXVariantGroup section */
		955B098B246445C000615705 /* Main.storyboard */ = {
			isa = PBXVariantGroup;
			children = (
				955B098C246445C000615705 /* Base */,
			);
			name = Main.storyboard;
			sourceTree = "<group>";
		};
		955B0990246445C700615705 /* LaunchScreen.storyboard */ = {
			isa = PBXVariantGroup;
			children = (
				955B0991246445C700615705 /* Base */,
			);
			name = LaunchScreen.storyboard;
			sourceTree = "<group>";
		};
/* End PBXVariantGroup section */

/* Begin XCBuildConfiguration section */
		955B09AA246445C800615705 /* Debug */ = {
			isa = XCBuildConfiguration;
			buildSettings = {
				ALWAYS_SEARCH_USER_PATHS = NO;
				CLANG_ANALYZER_NONNULL = YES;
				CLANG_ANALYZER_NUMBER_OBJECT_CONVERSION = YES_AGGRESSIVE;
				CLANG_CXX_LANGUAGE_STANDARD = "gnu++14";
				CLANG_CXX_LIBRARY = "libc++";
				CLANG_ENABLE_MODULES = YES;
				CLANG_ENABLE_OBJC_ARC = YES;
				CLANG_ENABLE_OBJC_WEAK = YES;
				CLANG_WARN_BLOCK_CAPTURE_AUTORELEASING = YES;
				CLANG_WARN_BOOL_CONVERSION = YES;
				CLANG_WARN_COMMA = YES;
				CLANG_WARN_CONSTANT_CONVERSION = YES;
				CLANG_WARN_DEPRECATED_OBJC_IMPLEMENTATIONS = YES;
				CLANG_WARN_DIRECT_OBJC_ISA_USAGE = YES_ERROR;
				CLANG_WARN_DOCUMENTATION_COMMENTS = YES;
				CLANG_WARN_EMPTY_BODY = YES;
				CLANG_WARN_ENUM_CONVERSION = YES;
				CLANG_WARN_INFINITE_RECURSION = YES;
				CLANG_WARN_INT_CONVERSION = YES;
				CLANG_WARN_NON_LITERAL_NULL_CONVERSION = YES;
				CLANG_WARN_OBJC_IMPLICIT_RETAIN_SELF = YES;
				CLANG_WARN_OBJC_LITERAL_CONVERSION = YES;
				CLANG_WARN_OBJC_ROOT_CLASS = YES_ERROR;
				CLANG_WARN_RANGE_LOOP_ANALYSIS = YES;
				CLANG_WARN_STRICT_PROTOTYPES = YES;
				CLANG_WARN_SUSPICIOUS_MOVE = YES;
				CLANG_WARN_UNGUARDED_AVAILABILITY = YES_AGGRESSIVE;
				CLANG_WARN_UNREACHABLE_CODE = YES;
				CLANG_WARN__DUPLICATE_METHOD_MATCH = YES;
				COPY_PHASE_STRIP = NO;
				DEBUG_INFORMATION_FORMAT = dwarf;
				ENABLE_STRICT_OBJC_MSGSEND = YES;
				ENABLE_TESTABILITY = YES;
				GCC_C_LANGUAGE_STANDARD = gnu11;
				GCC_DYNAMIC_NO_PIC = NO;
				GCC_NO_COMMON_BLOCKS = YES;
				GCC_OPTIMIZATION_LEVEL = 0;
				GCC_PREPROCESSOR_DEFINITIONS = (
					"DEBUG=1",
					"$(inherited)",
				);
				GCC_WARN_64_TO_32_BIT_CONVERSION = YES;
				GCC_WARN_ABOUT_RETURN_TYPE = YES_ERROR;
				GCC_WARN_UNDECLARED_SELECTOR = YES;
				GCC_WARN_UNINITIALIZED_AUTOS = YES_AGGRESSIVE;
				GCC_WARN_UNUSED_FUNCTION = YES;
				GCC_WARN_UNUSED_VARIABLE = YES;
				IPHONEOS_DEPLOYMENT_TARGET = 13.4;
				MTL_ENABLE_DEBUG_INFO = INCLUDE_SOURCE;
				MTL_FAST_MATH = YES;
				ONLY_ACTIVE_ARCH = YES;
				SDKROOT = iphoneos;
				SWIFT_ACTIVE_COMPILATION_CONDITIONS = DEBUG;
				SWIFT_OPTIMIZATION_LEVEL = "-Onone";
			};
			name = Debug;
		};
		955B09AB246445C800615705 /* Release */ = {
			isa = XCBuildConfiguration;
			buildSettings = {
				ALWAYS_SEARCH_USER_PATHS = NO;
				CLANG_ANALYZER_NONNULL = YES;
				CLANG_ANALYZER_NUMBER_OBJECT_CONVERSION = YES_AGGRESSIVE;
				CLANG_CXX_LANGUAGE_STANDARD = "gnu++14";
				CLANG_CXX_LIBRARY = "libc++";
				CLANG_ENABLE_MODULES = YES;
				CLANG_ENABLE_OBJC_ARC = YES;
				CLANG_ENABLE_OBJC_WEAK = YES;
				CLANG_WARN_BLOCK_CAPTURE_AUTORELEASING = YES;
				CLANG_WARN_BOOL_CONVERSION = YES;
				CLANG_WARN_COMMA = YES;
				CLANG_WARN_CONSTANT_CONVERSION = YES;
				CLANG_WARN_DEPRECATED_OBJC_IMPLEMENTATIONS = YES;
				CLANG_WARN_DIRECT_OBJC_ISA_USAGE = YES_ERROR;
				CLANG_WARN_DOCUMENTATION_COMMENTS = YES;
				CLANG_WARN_EMPTY_BODY = YES;
				CLANG_WARN_ENUM_CONVERSION = YES;
				CLANG_WARN_INFINITE_RECURSION = YES;
				CLANG_WARN_INT_CONVERSION = YES;
				CLANG_WARN_NON_LITERAL_NULL_CONVERSION = YES;
				CLANG_WARN_OBJC_IMPLICIT_RETAIN_SELF = YES;
				CLANG_WARN_OBJC_LITERAL_CONVERSION = YES;
				CLANG_WARN_OBJC_ROOT_CLASS = YES_ERROR;
				CLANG_WARN_RANGE_LOOP_ANALYSIS = YES;
				CLANG_WARN_STRICT_PROTOTYPES = YES;
				CLANG_WARN_SUSPICIOUS_MOVE = YES;
				CLANG_WARN_UNGUARDED_AVAILABILITY = YES_AGGRESSIVE;
				CLANG_WARN_UNREACHABLE_CODE = YES;
				CLANG_WARN__DUPLICATE_METHOD_MATCH = YES;
				COPY_PHASE_STRIP = NO;
				DEBUG_INFORMATION_FORMAT = "dwarf-with-dsym";
				ENABLE_NS_ASSERTIONS = NO;
				ENABLE_STRICT_OBJC_MSGSEND = YES;
				GCC_C_LANGUAGE_STANDARD = gnu11;
				GCC_NO_COMMON_BLOCKS = YES;
				GCC_WARN_64_TO_32_BIT_CONVERSION = YES;
				GCC_WARN_ABOUT_RETURN_TYPE = YES_ERROR;
				GCC_WARN_UNDECLARED_SELECTOR = YES;
				GCC_WARN_UNINITIALIZED_AUTOS = YES_AGGRESSIVE;
				GCC_WARN_UNUSED_FUNCTION = YES;
				GCC_WARN_UNUSED_VARIABLE = YES;
				IPHONEOS_DEPLOYMENT_TARGET = 13.4;
				MTL_ENABLE_DEBUG_INFO = NO;
				MTL_FAST_MATH = YES;
				SDKROOT = iphoneos;
				SWIFT_COMPILATION_MODE = wholemodule;
				SWIFT_OPTIMIZATION_LEVEL = "-O";
				VALIDATE_PRODUCT = YES;
			};
			name = Release;
		};
		955B09AD246445C800615705 /* Debug */ = {
			isa = XCBuildConfiguration;
			baseConfigurationReference = 91BFF2791681EFC1F9FC3048 /* Pods-FlixnChill.debug.xcconfig */;
			buildSettings = {
				ASSETCATALOG_COMPILER_APPICON_NAME = AppIcon;
				CODE_SIGN_STYLE = Automatic;
				INFOPLIST_FILE = FlixnChill/Info.plist;
				LD_RUNPATH_SEARCH_PATHS = (
					"$(inherited)",
					"@executable_path/Frameworks",
				);
				PRODUCT_BUNDLE_IDENTIFIER = Shawn.FlixnChill;
				PRODUCT_NAME = "$(TARGET_NAME)";
				SWIFT_VERSION = 5.0;
				TARGETED_DEVICE_FAMILY = "1,2";
			};
			name = Debug;
		};
		955B09AE246445C800615705 /* Release */ = {
			isa = XCBuildConfiguration;
			baseConfigurationReference = C23D2882EF47BBDDF1193EFD /* Pods-FlixnChill.release.xcconfig */;
			buildSettings = {
				ASSETCATALOG_COMPILER_APPICON_NAME = AppIcon;
				CODE_SIGN_STYLE = Automatic;
				INFOPLIST_FILE = FlixnChill/Info.plist;
				LD_RUNPATH_SEARCH_PATHS = (
					"$(inherited)",
					"@executable_path/Frameworks",
				);
				PRODUCT_BUNDLE_IDENTIFIER = Shawn.FlixnChill;
				PRODUCT_NAME = "$(TARGET_NAME)";
				SWIFT_VERSION = 5.0;
				TARGETED_DEVICE_FAMILY = "1,2";
			};
			name = Release;
		};
		955B09B0246445C800615705 /* Debug */ = {
			isa = XCBuildConfiguration;
			baseConfigurationReference = 408CB575825AFBA39DD63B73 /* Pods-FlixnChillTests.debug.xcconfig */;
			buildSettings = {
				ALWAYS_EMBED_SWIFT_STANDARD_LIBRARIES = YES;
				BUNDLE_LOADER = "$(TEST_HOST)";
				CODE_SIGN_STYLE = Automatic;
				INFOPLIST_FILE = FlixnChillTests/Info.plist;
				IPHONEOS_DEPLOYMENT_TARGET = 13.4;
				LD_RUNPATH_SEARCH_PATHS = (
					"$(inherited)",
					"@executable_path/Frameworks",
					"@loader_path/Frameworks",
				);
				PRODUCT_BUNDLE_IDENTIFIER = Shawn.FlixnChillTests;
				PRODUCT_NAME = "$(TARGET_NAME)";
				SWIFT_VERSION = 5.0;
				TARGETED_DEVICE_FAMILY = "1,2";
				TEST_HOST = "$(BUILT_PRODUCTS_DIR)/FlixnChill.app/FlixnChill";
			};
			name = Debug;
		};
		955B09B1246445C800615705 /* Release */ = {
			isa = XCBuildConfiguration;
			baseConfigurationReference = 81EF3F8A4F004E2D1EDEB12F /* Pods-FlixnChillTests.release.xcconfig */;
			buildSettings = {
				ALWAYS_EMBED_SWIFT_STANDARD_LIBRARIES = YES;
				BUNDLE_LOADER = "$(TEST_HOST)";
				CODE_SIGN_STYLE = Automatic;
				INFOPLIST_FILE = FlixnChillTests/Info.plist;
				IPHONEOS_DEPLOYMENT_TARGET = 13.4;
				LD_RUNPATH_SEARCH_PATHS = (
					"$(inherited)",
					"@executable_path/Frameworks",
					"@loader_path/Frameworks",
				);
				PRODUCT_BUNDLE_IDENTIFIER = Shawn.FlixnChillTests;
				PRODUCT_NAME = "$(TARGET_NAME)";
				SWIFT_VERSION = 5.0;
				TARGETED_DEVICE_FAMILY = "1,2";
				TEST_HOST = "$(BUILT_PRODUCTS_DIR)/FlixnChill.app/FlixnChill";
			};
			name = Release;
		};
		955B09B3246445C800615705 /* Debug */ = {
			isa = XCBuildConfiguration;
			baseConfigurationReference = 73C60B38E9781DE255617AC4 /* Pods-FlixnChill-FlixnChillUITests.debug.xcconfig */;
			buildSettings = {
				ALWAYS_EMBED_SWIFT_STANDARD_LIBRARIES = YES;
				CODE_SIGN_STYLE = Automatic;
				INFOPLIST_FILE = FlixnChillUITests/Info.plist;
				LD_RUNPATH_SEARCH_PATHS = (
					"$(inherited)",
					"@executable_path/Frameworks",
					"@loader_path/Frameworks",
				);
				PRODUCT_BUNDLE_IDENTIFIER = Shawn.FlixnChillUITests;
				PRODUCT_NAME = "$(TARGET_NAME)";
				SWIFT_VERSION = 5.0;
				TARGETED_DEVICE_FAMILY = "1,2";
				TEST_TARGET_NAME = FlixnChill;
			};
			name = Debug;
		};
		955B09B4246445C800615705 /* Release */ = {
			isa = XCBuildConfiguration;
			baseConfigurationReference = E61AA5016CBF4FDC7E4E8131 /* Pods-FlixnChill-FlixnChillUITests.release.xcconfig */;
			buildSettings = {
				ALWAYS_EMBED_SWIFT_STANDARD_LIBRARIES = YES;
				CODE_SIGN_STYLE = Automatic;
				INFOPLIST_FILE = FlixnChillUITests/Info.plist;
				LD_RUNPATH_SEARCH_PATHS = (
					"$(inherited)",
					"@executable_path/Frameworks",
					"@loader_path/Frameworks",
				);
				PRODUCT_BUNDLE_IDENTIFIER = Shawn.FlixnChillUITests;
				PRODUCT_NAME = "$(TARGET_NAME)";
				SWIFT_VERSION = 5.0;
				TARGETED_DEVICE_FAMILY = "1,2";
				TEST_TARGET_NAME = FlixnChill;
			};
			name = Release;
		};
/* End XCBuildConfiguration section */

/* Begin XCConfigurationList section */
		955B097D246445C000615705 /* Build configuration list for PBXProject "FlixnChill" */ = {
			isa = XCConfigurationList;
			buildConfigurations = (
				955B09AA246445C800615705 /* Debug */,
				955B09AB246445C800615705 /* Release */,
			);
			defaultConfigurationIsVisible = 0;
			defaultConfigurationName = Release;
		};
		955B09AC246445C800615705 /* Build configuration list for PBXNativeTarget "FlixnChill" */ = {
			isa = XCConfigurationList;
			buildConfigurations = (
				955B09AD246445C800615705 /* Debug */,
				955B09AE246445C800615705 /* Release */,
			);
			defaultConfigurationIsVisible = 0;
			defaultConfigurationName = Release;
		};
		955B09AF246445C800615705 /* Build configuration list for PBXNativeTarget "FlixnChillTests" */ = {
			isa = XCConfigurationList;
			buildConfigurations = (
				955B09B0246445C800615705 /* Debug */,
				955B09B1246445C800615705 /* Release */,
			);
			defaultConfigurationIsVisible = 0;
			defaultConfigurationName = Release;
		};
		955B09B2246445C800615705 /* Build configuration list for PBXNativeTarget "FlixnChillUITests" */ = {
			isa = XCConfigurationList;
			buildConfigurations = (
				955B09B3246445C800615705 /* Debug */,
				955B09B4246445C800615705 /* Release */,
			);
			defaultConfigurationIsVisible = 0;
			defaultConfigurationName = Release;
		};
/* End XCConfigurationList section */
	};
	rootObject = 955B097A246445C000615705 /* Project object */;
}
